
Microsoft Visual Studio Solution File, Format Version 12.00
# Visual Studio Version 16
VisualStudioVersion = 16.0.30503.244
MinimumVisualStudioVersion = 10.0.40219.1
Project("{FAE04EC0-301F-11D3-BF4B-00C04F79EFBC}") = "DBConnection", "DBConnection\DBConnection.csproj", "{91F7BE7F-8158-4887-B5E4-6DA9502AF9F9}"
EndProject
Global
	GlobalSection(SolutionConfigurationPlatforms) = preSolution
		Debug|Any CPU = Debug|Any CPU
		Release|Any CPU = Release|Any CPU
	EndGlobalSection
	GlobalSection(ProjectConfigurationPlatforms) = postSolution
		{91F7BE7F-8158-4887-B5E4-6DA9502AF9F9}.Debug|Any CPU.ActiveCfg = Debug|Any CPU
		{91F7BE7F-8158-4887-B5E4-6DA9502AF9F9}.Debug|Any CPU.Build.0 = Debug|Any CPU
		{91F7BE7F-8158-4887-B5E4-6DA9502AF9F9}.Release|Any CPU.ActiveCfg = Release|Any CPU
		{91F7BE7F-8158-4887-B5E4-6DA9502AF9F9}.Release|Any CPU.Build.0 = Release|Any CPU
	EndGlobalSection
	GlobalSection(SolutionProperties) = preSolution
		HideSolutionNode = FALSE
	EndGlobalSection
	GlobalSection(ExtensibilityGlobals) = postSolution
		SolutionGuid = {7E175451-10A3-4446-B31F-38A483B85373}
	EndGlobalSection
EndGlobal
