
Microsoft Visual Studio Solution File, Format Version 12.00
# Visual Studio Version 16
VisualStudioVersion = 16.0.31005.135
MinimumVisualStudioVersion = 10.0.40219.1
Project("{FAE04EC0-301F-11D3-BF4B-00C04F79EFBC}") = "TelephoneDirectory", "TelephoneDirectory\TelephoneDirectory.csproj", "{F62F8A8E-3B9D-4761-B61D-9B037CA6D786}"
EndProject
Global
	GlobalSection(SolutionConfigurationPlatforms) = preSolution
		Debug|Any CPU = Debug|Any CPU
		Release|Any CPU = Release|Any CPU
	EndGlobalSection
	GlobalSection(ProjectConfigurationPlatforms) = postSolution
		{F62F8A8E-3B9D-4761-B61D-9B037CA6D786}.Debug|Any CPU.ActiveCfg = Debug|Any CPU
		{F62F8A8E-3B9D-4761-B61D-9B037CA6D786}.Debug|Any CPU.Build.0 = Debug|Any CPU
		{F62F8A8E-3B9D-4761-B61D-9B037CA6D786}.Release|Any CPU.ActiveCfg = Release|Any CPU
		{F62F8A8E-3B9D-4761-B61D-9B037CA6D786}.Release|Any CPU.Build.0 = Release|Any CPU
	EndGlobalSection
	GlobalSection(SolutionProperties) = preSolution
		HideSolutionNode = FALSE
	EndGlobalSection
	GlobalSection(ExtensibilityGlobals) = postSolution
		SolutionGuid = {4EE3EFFA-E5BE-490A-8750-63900AEA027D}
	EndGlobalSection
EndGlobal
