
Microsoft Visual Studio Solution File, Format Version 12.00
# Visual Studio Version 16
VisualStudioVersion = 16.0.30503.244
MinimumVisualStudioVersion = 10.0.40219.1
Project("{888888A0-9F3D-457C-B088-3A5042F75D52}") = "Practice_4", "Practice_4\Practice_4.pyproj", "{3B8C6F7C-6B0E-40FF-BD4B-065F04456E39}"
EndProject
Global
	GlobalSection(SolutionConfigurationPlatforms) = preSolution
		Debug|Any CPU = Debug|Any CPU
		Release|Any CPU = Release|Any CPU
	EndGlobalSection
	GlobalSection(ProjectConfigurationPlatforms) = postSolution
		{3B8C6F7C-6B0E-40FF-BD4B-065F04456E39}.Debug|Any CPU.ActiveCfg = Debug|Any CPU
		{3B8C6F7C-6B0E-40FF-BD4B-065F04456E39}.Release|Any CPU.ActiveCfg = Release|Any CPU
	EndGlobalSection
	GlobalSection(SolutionProperties) = preSolution
		HideSolutionNode = FALSE
	EndGlobalSection
	GlobalSection(ExtensibilityGlobals) = postSolution
		SolutionGuid = {CBC2C61D-4671-4062-BD18-B86AF2F9CDAD}
	EndGlobalSection
EndGlobal
