
Microsoft Visual Studio Solution File, Format Version 12.00
# Visual Studio Version 16
VisualStudioVersion = 16.0.30503.244
MinimumVisualStudioVersion = 10.0.40219.1
Project("{FAE04EC0-301F-11D3-BF4B-00C04F79EFBC}") = "RazorPagesMovie", "RazorPagesMovie.csproj", "{4CFF3E5A-4E5F-4656-B1FA-ED712ED81969}"
EndProject
Global
	GlobalSection(SolutionConfigurationPlatforms) = preSolution
		Debug|Any CPU = Debug|Any CPU
		Release|Any CPU = Release|Any CPU
	EndGlobalSection
	GlobalSection(ProjectConfigurationPlatforms) = postSolution
		{4CFF3E5A-4E5F-4656-B1FA-ED712ED81969}.Debug|Any CPU.ActiveCfg = Debug|Any CPU
		{4CFF3E5A-4E5F-4656-B1FA-ED712ED81969}.Debug|Any CPU.Build.0 = Debug|Any CPU
		{4CFF3E5A-4E5F-4656-B1FA-ED712ED81969}.Release|Any CPU.ActiveCfg = Release|Any CPU
		{4CFF3E5A-4E5F-4656-B1FA-ED712ED81969}.Release|Any CPU.Build.0 = Release|Any CPU
	EndGlobalSection
	GlobalSection(SolutionProperties) = preSolution
		HideSolutionNode = FALSE
	EndGlobalSection
	GlobalSection(ExtensibilityGlobals) = postSolution
		SolutionGuid = {3F5DEB98-2000-4E23-9D00-7E482FB26968}
	EndGlobalSection
EndGlobal
